{
  "requires": true,
  "lockfileVersion": 1,
  "dependencies": {
    "@types/spotify-web-playback-sdk": {
      "version": "0.1.6",
      "resolved": "https://registry.npmjs.org/@types/spotify-web-playback-sdk/-/spotify-web-playback-sdk-0.1.6.tgz",
      "integrity": "sha512-n5zJZlS/KSkX1Q/WAEpgvCdmGMOns3NPT85Y23Dd2SHRad2YidHuUQ9JC0eRUySFnSQbXsaUhZB6XIbkk2mb/A=="
    }
  }
}
